{
  "version": 1,
  "dependencies": [
    {
      "name": "tokio",
      "version": "1",
      "rust": true,
      "features": [
        "rt",
        "macros"
      ]
    }
  ],
  "sealed_api": [
    {
      "name": "main::identity",
      "rust_signature": "identity<T: Clone>(x: T) -> T"
    },
    {
      "name": "main::main",
      "rust_signature": "pub main() -> ()"
    }
  ]
}
